
Microsoft Visual Studio Solution File, Format Version 12.00
# Visual Studio Version 17
VisualStudioVersion = 17.9.34728.123
MinimumVisualStudioVersion = 10.0.40219.1
Project("{9A19103F-16F7-4668-BE54-9A1E7A4F7556}") = "StudentManagements", "StudentManagements\StudentManagements.csproj", "{2FC851B7-7BC2-4F4C-8BF8-6CE75C88D4EE}"
EndProject
Project("{9A19103F-16F7-4668-BE54-9A1E7A4F7556}") = "Tests", "Tests\Tests.csproj", "{2C9B025A-4F30-4B26-9D76-706399387262}"
EndProject
Project("{FAE04EC0-301F-11D3-BF4B-00C04F79EFBC}") = "Entities", "Entities\Entities.csproj", "{2FACD24F-FAC7-402C-978B-2B1EA4185935}"
EndProject
Project("{FAE04EC0-301F-11D3-BF4B-00C04F79EFBC}") = "ServiceContracts", "ServiceContracts\ServiceContracts.csproj", "{6CA2A317-F4F8-4457-94A0-EB929CECEED6}"
EndProject
Project("{FAE04EC0-301F-11D3-BF4B-00C04F79EFBC}") = "Services", "Services\Services.csproj", "{4366F521-C06B-4375-9EFF-2E3DEBF49428}"
EndProject
Global
	GlobalSection(SolutionConfigurationPlatforms) = preSolution
		Debug|Any CPU = Debug|Any CPU
		Release|Any CPU = Release|Any CPU
	EndGlobalSection
	GlobalSection(ProjectConfigurationPlatforms) = postSolution
		{2FC851B7-7BC2-4F4C-8BF8-6CE75C88D4EE}.Debug|Any CPU.ActiveCfg = Debug|Any CPU
		{2FC851B7-7BC2-4F4C-8BF8-6CE75C88D4EE}.Debug|Any CPU.Build.0 = Debug|Any CPU
		{2FC851B7-7BC2-4F4C-8BF8-6CE75C88D4EE}.Release|Any CPU.ActiveCfg = Release|Any CPU
		{2FC851B7-7BC2-4F4C-8BF8-6CE75C88D4EE}.Release|Any CPU.Build.0 = Release|Any CPU
		{2C9B025A-4F30-4B26-9D76-706399387262}.Debug|Any CPU.ActiveCfg = Debug|Any CPU
		{2C9B025A-4F30-4B26-9D76-706399387262}.Debug|Any CPU.Build.0 = Debug|Any CPU
		{2C9B025A-4F30-4B26-9D76-706399387262}.Release|Any CPU.ActiveCfg = Release|Any CPU
		{2C9B025A-4F30-4B26-9D76-706399387262}.Release|Any CPU.Build.0 = Release|Any CPU
		{2FACD24F-FAC7-402C-978B-2B1EA4185935}.Debug|Any CPU.ActiveCfg = Debug|Any CPU
		{2FACD24F-FAC7-402C-978B-2B1EA4185935}.Debug|Any CPU.Build.0 = Debug|Any CPU
		{2FACD24F-FAC7-402C-978B-2B1EA4185935}.Release|Any CPU.ActiveCfg = Release|Any CPU
		{2FACD24F-FAC7-402C-978B-2B1EA4185935}.Release|Any CPU.Build.0 = Release|Any CPU
		{6CA2A317-F4F8-4457-94A0-EB929CECEED6}.Debug|Any CPU.ActiveCfg = Debug|Any CPU
		{6CA2A317-F4F8-4457-94A0-EB929CECEED6}.Debug|Any CPU.Build.0 = Debug|Any CPU
		{6CA2A317-F4F8-4457-94A0-EB929CECEED6}.Release|Any CPU.ActiveCfg = Release|Any CPU
		{6CA2A317-F4F8-4457-94A0-EB929CECEED6}.Release|Any CPU.Build.0 = Release|Any CPU
		{4366F521-C06B-4375-9EFF-2E3DEBF49428}.Debug|Any CPU.ActiveCfg = Debug|Any CPU
		{4366F521-C06B-4375-9EFF-2E3DEBF49428}.Debug|Any CPU.Build.0 = Debug|Any CPU
		{4366F521-C06B-4375-9EFF-2E3DEBF49428}.Release|Any CPU.ActiveCfg = Release|Any CPU
		{4366F521-C06B-4375-9EFF-2E3DEBF49428}.Release|Any CPU.Build.0 = Release|Any CPU
	EndGlobalSection
	GlobalSection(SolutionProperties) = preSolution
		HideSolutionNode = FALSE
	EndGlobalSection
	GlobalSection(ExtensibilityGlobals) = postSolution
		SolutionGuid = {76CEF751-D441-464B-A6EC-8C064AA12116}
	EndGlobalSection
EndGlobal
